<?xml version="1.0" encoding="utf-8"?>
<Project ToolsVersion="4.0" xmlns="http://schemas.microsoft.com/developer/msbuild/2003">
  <ItemGroup>
    <Filter Include="Source Files">
      <UniqueIdentifier>{4FC737F1-C7A5-4376-A066-2A32D752A2FF}</UniqueIdentifier>
      <Extensions>cpp;c;cc;cxx;c++;cppm;ixx;def;odl;idl;hpj;bat;asm;asmx</Extensions>
    </Filter>
    <Filter Include="Cephean Library">
      <UniqueIdentifier>{93995380-89BD-4b04-88EB-625FBE52EBFB}</UniqueIdentifier>
      <Extensions>h;hh;hpp;hxx;h++;hm;inl;inc;ipp;xsd</Extensions>
    </Filter>
  </ItemGroup>
  <ItemGroup>
    <ClCompile Include="..\..\src\respectrum.cpp">
      <Filter>Source Files</Filter>
    </ClCompile>
    <ClCompile Include="..\..\src\respectrum_test.cpp">
      <Filter>Source Files</Filter>
    </ClCompile>
    <ClCompile Include="..\..\..\..\shared\cephean-lv2.cpp">
      <Filter>Cephean Library</Filter>
    </ClCompile>
    <ClCompile Include="..\..\..\..\shared\cephean-test.cpp">
      <Filter>Cephean Library</Filter>
    </ClCompile>
    <ClCompile Include="..\..\..\..\shared\cephean-dsp.cpp">
      <Filter>Cephean Library</Filter>
    </ClCompile>
    <ClCompile Include="..\..\..\..\shared\cephean-filter.cpp">
      <Filter>Cephean Library</Filter>
    </ClCompile>
    <ClCompile Include="..\..\..\..\shared\cephean-fft.cpp">
      <Filter>Cephean Library</Filter>
    </ClCompile>
  </ItemGroup>
  <ItemGroup>
    <ClInclude Include="..\..\src\respectrum.h">
      <Filter>Source Files</Filter>
    </ClInclude>
    <ClInclude Include="..\..\..\..\shared\cephean-lv2.h">
      <Filter>Cephean Library</Filter>
    </ClInclude>
    <ClInclude Include="..\..\..\..\shared\cephean-test.h">
      <Filter>Cephean Library</Filter>
    </ClInclude>
    <ClInclude Include="..\..\..\..\shared\cephean-dsp.h">
      <Filter>Cephean Library</Filter>
    </ClInclude>
    <ClInclude Include="..\..\..\..\shared\cephean-filter.h">
      <Filter>Cephean Library</Filter>
    </ClInclude>
    <ClInclude Include="..\..\..\..\shared\cephean-fft.h">
      <Filter>Cephean Library</Filter>
    </ClInclude>
  </ItemGroup>
</Project>